
Microsoft Visual Studio Solution File, Format Version 12.00
# Visual Studio Version 18
VisualStudioVersion = 18.4.11519.219 insiders
MinimumVisualStudioVersion = 10.0.40219.1
Project("{FAE04EC0-301F-11D3-BF4B-00C04F79EFBC}") = "UniversityCrud", "UniversityCrud.csproj", "{E4892513-0685-29F5-267C-7A06B6EE8830}"
EndProject
Global
	GlobalSection(SolutionConfigurationPlatforms) = preSolution
		Debug|Any CPU = Debug|Any CPU
		Release|Any CPU = Release|Any CPU
	EndGlobalSection
	GlobalSection(ProjectConfigurationPlatforms) = postSolution
		{E4892513-0685-29F5-267C-7A06B6EE8830}.Debug|Any CPU.ActiveCfg = Debug|Any CPU
		{E4892513-0685-29F5-267C-7A06B6EE8830}.Debug|Any CPU.Build.0 = Debug|Any CPU
		{E4892513-0685-29F5-267C-7A06B6EE8830}.Release|Any CPU.ActiveCfg = Release|Any CPU
		{E4892513-0685-29F5-267C-7A06B6EE8830}.Release|Any CPU.Build.0 = Release|Any CPU
	EndGlobalSection
	GlobalSection(SolutionProperties) = preSolution
		HideSolutionNode = FALSE
	EndGlobalSection
	GlobalSection(ExtensibilityGlobals) = postSolution
		SolutionGuid = {ED936359-4506-4A46-9F32-55401C6FE9A0}
	EndGlobalSection
EndGlobal
